// !$*UTF8*$!
{
	archiveVersion = 1;
	classes = {
	};
	objectVersion = 56;
	objects = {

/* Begin PBXBuildFile section */
		149AAE8429F5F07800B0FA8B /* AppDelegate.swift in Sources */ = {isa = PBXBuildFile; fileRef = 149AAE8329F5F07800B0FA8B /* AppDelegate.swift */; };
		149AAE8629F5F07800B0FA8B /* SceneDelegate.swift in Sources */ = {isa = PBXBuildFile; fileRef = 149AAE8529F5F07800B0FA8B /* SceneDelegate.swift */; };
		149AAE8829F5F07800B0FA8B /* ViewController.swift in Sources */ = {isa = PBXBuildFile; fileRef = 149AAE8729F5F07800B0FA8B /* ViewController.swift */; };
		149AAE8B29F5F07800B0FA8B /* Main.storyboard in Resources */ = {isa = PBXBuildFile; fileRef = 149AAE8929F5F07800B0FA8B /* Main.storyboard */; };
		149AAE8D29F5F07A00B0FA8B /* Assets.xcassets in Resources */ = {isa = PBXBuildFile; fileRef = 149AAE8C29F5F07A00B0FA8B /* Assets.xcassets */; };
		149AAE9029F5F07A00B0FA8B /* LaunchScreen.storyboard in Resources */ = {isa = PBXBuildFile; fileRef = 149AAE8E29F5F07A00B0FA8B /* LaunchScreen.storyboard */; };
		149AAE9B29F5F07A00B0FA8B /* GapsiAppTests.swift in Sources */ = {isa = PBXBuildFile; fileRef = 149AAE9A29F5F07A00B0FA8B /* GapsiAppTests.swift */; };
		149AAEA529F5F07A00B0FA8B /* GapsiAppUITests.swift in Sources */ = {isa = PBXBuildFile; fileRef = 149AAEA429F5F07A00B0FA8B /* GapsiAppUITests.swift */; };
		149AAEA729F5F07A00B0FA8B /* GapsiAppUITestsLaunchTests.swift in Sources */ = {isa = PBXBuildFile; fileRef = 149AAEA629F5F07A00B0FA8B /* GapsiAppUITestsLaunchTests.swift */; };
		149AAEC129F5F2A400B0FA8B /* NetworkingService.swift in Sources */ = {isa = PBXBuildFile; fileRef = 149AAEC029F5F2A400B0FA8B /* NetworkingService.swift */; };
		149AAEC529F5F5E000B0FA8B /* UIPrincipal.swift in Sources */ = {isa = PBXBuildFile; fileRef = 149AAEC429F5F5E000B0FA8B /* UIPrincipal.swift */; };
		149AAEC729F5F66300B0FA8B /* UIPrincipalCell.swift in Sources */ = {isa = PBXBuildFile; fileRef = 149AAEC629F5F66300B0FA8B /* UIPrincipalCell.swift */; };
		149AAEC929F5F74A00B0FA8B /* PrincipalProtocols.swift in Sources */ = {isa = PBXBuildFile; fileRef = 149AAEC829F5F74A00B0FA8B /* PrincipalProtocols.swift */; };
		149AAECB29F5F78B00B0FA8B /* PrincipalModel.swift in Sources */ = {isa = PBXBuildFile; fileRef = 149AAECA29F5F78B00B0FA8B /* PrincipalModel.swift */; };
		149AAECD29F5F7D200B0FA8B /* PrincipalInteractor.swift in Sources */ = {isa = PBXBuildFile; fileRef = 149AAECC29F5F7D200B0FA8B /* PrincipalInteractor.swift */; };
		149AAECF29F5F81300B0FA8B /* NetworConstants.swift in Sources */ = {isa = PBXBuildFile; fileRef = 149AAECE29F5F81300B0FA8B /* NetworConstants.swift */; };
		149AAED129F6013A00B0FA8B /* PrincipalRouter.swift in Sources */ = {isa = PBXBuildFile; fileRef = 149AAED029F6013A00B0FA8B /* PrincipalRouter.swift */; };
		149AAED329F6017700B0FA8B /* PrincipalPresenter.swift in Sources */ = {isa = PBXBuildFile; fileRef = 149AAED229F6017700B0FA8B /* PrincipalPresenter.swift */; };
		149AAED529F6035F00B0FA8B /* UIConstants.swift in Sources */ = {isa = PBXBuildFile; fileRef = 149AAED429F6035F00B0FA8B /* UIConstants.swift */; };
		149AAED829F626D600B0FA8B /* +UIImageView.swift in Sources */ = {isa = PBXBuildFile; fileRef = 149AAED729F626D600B0FA8B /* +UIImageView.swift */; };
		149AAEDA29F6347500B0FA8B /* +UIViewController.swift in Sources */ = {isa = PBXBuildFile; fileRef = 149AAED929F6347500B0FA8B /* +UIViewController.swift */; };
		149AAEDC29F63D8E00B0FA8B /* PrincipalWordsCell.swift in Sources */ = {isa = PBXBuildFile; fileRef = 149AAEDB29F63D8E00B0FA8B /* PrincipalWordsCell.swift */; };
/* End PBXBuildFile section */

/* Begin PBXContainerItemProxy section */
		149AAE9729F5F07A00B0FA8B /* PBXContainerItemProxy */ = {
			isa = PBXContainerItemProxy;
			containerPortal = 149AAE7829F5F07800B0FA8B /* Project object */;
			proxyType = 1;
			remoteGlobalIDString = 149AAE7F29F5F07800B0FA8B;
			remoteInfo = GapsiApp;
		};
		149AAEA129F5F07A00B0FA8B /* PBXContainerItemProxy */ = {
			isa = PBXContainerItemProxy;
			containerPortal = 149AAE7829F5F07800B0FA8B /* Project object */;
			proxyType = 1;
			remoteGlobalIDString = 149AAE7F29F5F07800B0FA8B;
			remoteInfo = GapsiApp;
		};
/* End PBXContainerItemProxy section */

/* Begin PBXFileReference section */
		149AAE8029F5F07800B0FA8B /* GapsiApp.app */ = {isa = PBXFileReference; explicitFileType = wrapper.application; includeInIndex = 0; path = GapsiApp.app; sourceTree = BUILT_PRODUCTS_DIR; };
		149AAE8329F5F07800B0FA8B /* AppDelegate.swift */ = {isa = PBXFileReference; lastKnownFileType = sourcecode.swift; path = AppDelegate.swift; sourceTree = "<group>"; };
		149AAE8529F5F07800B0FA8B /* SceneDelegate.swift */ = {isa = PBXFileReference; lastKnownFileType = sourcecode.swift; path = SceneDelegate.swift; sourceTree = "<group>"; };
		149AAE8729F5F07800B0FA8B /* ViewController.swift */ = {isa = PBXFileReference; lastKnownFileType = sourcecode.swift; path = ViewController.swift; sourceTree = "<group>"; };
		149AAE8A29F5F07800B0FA8B /* Base */ = {isa = PBXFileReference; lastKnownFileType = file.storyboard; name = Base; path = Base.lproj/Main.storyboard; sourceTree = "<group>"; };
		149AAE8C29F5F07A00B0FA8B /* Assets.xcassets */ = {isa = PBXFileReference; lastKnownFileType = folder.assetcatalog; path = Assets.xcassets; sourceTree = "<group>"; };
		149AAE8F29F5F07A00B0FA8B /* Base */ = {isa = PBXFileReference; lastKnownFileType = file.storyboard; name = Base; path = Base.lproj/LaunchScreen.storyboard; sourceTree = "<group>"; };
		149AAE9129F5F07A00B0FA8B /* Info.plist */ = {isa = PBXFileReference; lastKnownFileType = text.plist.xml; path = Info.plist; sourceTree = "<group>"; };
		149AAE9629F5F07A00B0FA8B /* GapsiAppTests.xctest */ = {isa = PBXFileReference; explicitFileType = wrapper.cfbundle; includeInIndex = 0; path = GapsiAppTests.xctest; sourceTree = BUILT_PRODUCTS_DIR; };
		149AAE9A29F5F07A00B0FA8B /* GapsiAppTests.swift */ = {isa = PBXFileReference; lastKnownFileType = sourcecode.swift; path = GapsiAppTests.swift; sourceTree = "<group>"; };
		149AAEA029F5F07A00B0FA8B /* GapsiAppUITests.xctest */ = {isa = PBXFileReference; explicitFileType = wrapper.cfbundle; includeInIndex = 0; path = GapsiAppUITests.xctest; sourceTree = BUILT_PRODUCTS_DIR; };
		149AAEA429F5F07A00B0FA8B /* GapsiAppUITests.swift */ = {isa = PBXFileReference; lastKnownFileType = sourcecode.swift; path = GapsiAppUITests.swift; sourceTree = "<group>"; };
		149AAEA629F5F07A00B0FA8B /* GapsiAppUITestsLaunchTests.swift */ = {isa = PBXFileReference; lastKnownFileType = sourcecode.swift; path = GapsiAppUITestsLaunchTests.swift; sourceTree = "<group>"; };
		149AAEC029F5F2A400B0FA8B /* NetworkingService.swift */ = {isa = PBXFileReference; lastKnownFileType = sourcecode.swift; path = NetworkingService.swift; sourceTree = "<group>"; };
		149AAEC429F5F5E000B0FA8B /* UIPrincipal.swift */ = {isa = PBXFileReference; lastKnownFileType = sourcecode.swift; path = UIPrincipal.swift; sourceTree = "<group>"; };
		149AAEC629F5F66300B0FA8B /* UIPrincipalCell.swift */ = {isa = PBXFileReference; lastKnownFileType = sourcecode.swift; path = UIPrincipalCell.swift; sourceTree = "<group>"; };
		149AAEC829F5F74A00B0FA8B /* PrincipalProtocols.swift */ = {isa = PBXFileReference; lastKnownFileType = sourcecode.swift; path = PrincipalProtocols.swift; sourceTree = "<group>"; };
		149AAECA29F5F78B00B0FA8B /* PrincipalModel.swift */ = {isa = PBXFileReference; lastKnownFileType = sourcecode.swift; path = PrincipalModel.swift; sourceTree = "<group>"; };
		149AAECC29F5F7D200B0FA8B /* PrincipalInteractor.swift */ = {isa = PBXFileReference; lastKnownFileType = sourcecode.swift; path = PrincipalInteractor.swift; sourceTree = "<group>"; };
		149AAECE29F5F81300B0FA8B /* NetworConstants.swift */ = {isa = PBXFileReference; lastKnownFileType = sourcecode.swift; path = NetworConstants.swift; sourceTree = "<group>"; };
		149AAED029F6013A00B0FA8B /* PrincipalRouter.swift */ = {isa = PBXFileReference; lastKnownFileType = sourcecode.swift; path = PrincipalRouter.swift; sourceTree = "<group>"; };
		149AAED229F6017700B0FA8B /* PrincipalPresenter.swift */ = {isa = PBXFileReference; lastKnownFileType = sourcecode.swift; path = PrincipalPresenter.swift; sourceTree = "<group>"; };
		149AAED429F6035F00B0FA8B /* UIConstants.swift */ = {isa = PBXFileReference; lastKnownFileType = sourcecode.swift; path = UIConstants.swift; sourceTree = "<group>"; };
		149AAED729F626D600B0FA8B /* +UIImageView.swift */ = {isa = PBXFileReference; lastKnownFileType = sourcecode.swift; path = "+UIImageView.swift"; sourceTree = "<group>"; };
		149AAED929F6347500B0FA8B /* +UIViewController.swift */ = {isa = PBXFileReference; lastKnownFileType = sourcecode.swift; path = "+UIViewController.swift"; sourceTree = "<group>"; };
		149AAEDB29F63D8E00B0FA8B /* PrincipalWordsCell.swift */ = {isa = PBXFileReference; lastKnownFileType = sourcecode.swift; path = PrincipalWordsCell.swift; sourceTree = "<group>"; };
/* End PBXFileReference section */

/* Begin PBXFrameworksBuildPhase section */
		149AAE7D29F5F07800B0FA8B /* Frameworks */ = {
			isa = PBXFrameworksBuildPhase;
			buildActionMask = 2147483647;
			files = (
			);
			runOnlyForDeploymentPostprocessing = 0;
		};
		149AAE9329F5F07A00B0FA8B /* Frameworks */ = {
			isa = PBXFrameworksBuildPhase;
			buildActionMask = 2147483647;
			files = (
			);
			runOnlyForDeploymentPostprocessing = 0;
		};
		149AAE9D29F5F07A00B0FA8B /* Frameworks */ = {
			isa = PBXFrameworksBuildPhase;
			buildActionMask = 2147483647;
			files = (
			);
			runOnlyForDeploymentPostprocessing = 0;
		};
/* End PBXFrameworksBuildPhase section */

/* Begin PBXGroup section */
		149AAE7729F5F07800B0FA8B = {
			isa = PBXGroup;
			children = (
				149AAE8229F5F07800B0FA8B /* GapsiApp */,
				149AAE9929F5F07A00B0FA8B /* GapsiAppTests */,
				149AAEA329F5F07A00B0FA8B /* GapsiAppUITests */,
				149AAE8129F5F07800B0FA8B /* Products */,
			);
			sourceTree = "<group>";
		};
		149AAE8129F5F07800B0FA8B /* Products */ = {
			isa = PBXGroup;
			children = (
				149AAE8029F5F07800B0FA8B /* GapsiApp.app */,
				149AAE9629F5F07A00B0FA8B /* GapsiAppTests.xctest */,
				149AAEA029F5F07A00B0FA8B /* GapsiAppUITests.xctest */,
			);
			name = Products;
			sourceTree = "<group>";
		};
		149AAE8229F5F07800B0FA8B /* GapsiApp */ = {
			isa = PBXGroup;
			children = (
				149AAEB329F5F1C300B0FA8B /* Screens */,
				149AAEB429F5F1D300B0FA8B /* Service */,
				149AAEB529F5F1D900B0FA8B /* Constants */,
				149AAED629F626AF00B0FA8B /* Extensions */,
				149AAE8329F5F07800B0FA8B /* AppDelegate.swift */,
				149AAE8529F5F07800B0FA8B /* SceneDelegate.swift */,
				149AAE8929F5F07800B0FA8B /* Main.storyboard */,
				149AAE8C29F5F07A00B0FA8B /* Assets.xcassets */,
				149AAE8E29F5F07A00B0FA8B /* LaunchScreen.storyboard */,
				149AAE9129F5F07A00B0FA8B /* Info.plist */,
			);
			path = GapsiApp;
			sourceTree = "<group>";
		};
		149AAE9929F5F07A00B0FA8B /* GapsiAppTests */ = {
			isa = PBXGroup;
			children = (
				149AAE9A29F5F07A00B0FA8B /* GapsiAppTests.swift */,
			);
			path = GapsiAppTests;
			sourceTree = "<group>";
		};
		149AAEA329F5F07A00B0FA8B /* GapsiAppUITests */ = {
			isa = PBXGroup;
			children = (
				149AAEA429F5F07A00B0FA8B /* GapsiAppUITests.swift */,
				149AAEA629F5F07A00B0FA8B /* GapsiAppUITestsLaunchTests.swift */,
			);
			path = GapsiAppUITests;
			sourceTree = "<group>";
		};
		149AAEB329F5F1C300B0FA8B /* Screens */ = {
			isa = PBXGroup;
			children = (
				149AAEB629F5F1F100B0FA8B /* Principal */,
			);
			path = Screens;
			sourceTree = "<group>";
		};
		149AAEB429F5F1D300B0FA8B /* Service */ = {
			isa = PBXGroup;
			children = (
				149AAEBF29F5F28B00B0FA8B /* ApiRest */,
			);
			path = Service;
			sourceTree = "<group>";
		};
		149AAEB529F5F1D900B0FA8B /* Constants */ = {
			isa = PBXGroup;
			children = (
				149AAECE29F5F81300B0FA8B /* NetworConstants.swift */,
				149AAED429F6035F00B0FA8B /* UIConstants.swift */,
			);
			path = Constants;
			sourceTree = "<group>";
		};
		149AAEB629F5F1F100B0FA8B /* Principal */ = {
			isa = PBXGroup;
			children = (
				149AAEB729F5F1FB00B0FA8B /* Viper */,
			);
			path = Principal;
			sourceTree = "<group>";
		};
		149AAEB729F5F1FB00B0FA8B /* Viper */ = {
			isa = PBXGroup;
			children = (
				149AAEC329F5F56900B0FA8B /* Cells */,
				149AAEC229F5F56000B0FA8B /* UI */,
				149AAEB829F5F20100B0FA8B /* Protocols */,
				149AAEBA29F5F21300B0FA8B /* View */,
				149AAEBB29F5F21A00B0FA8B /* Interactor */,
				149AAEBC29F5F22000B0FA8B /* Presenter */,
				149AAEBD29F5F22700B0FA8B /* Entity */,
				149AAEBE29F5F22E00B0FA8B /* Router */,
			);
			path = Viper;
			sourceTree = "<group>";
		};
		149AAEB829F5F20100B0FA8B /* Protocols */ = {
			isa = PBXGroup;
			children = (
				149AAEC829F5F74A00B0FA8B /* PrincipalProtocols.swift */,
			);
			path = Protocols;
			sourceTree = "<group>";
		};
		149AAEBA29F5F21300B0FA8B /* View */ = {
			isa = PBXGroup;
			children = (
				149AAE8729F5F07800B0FA8B /* ViewController.swift */,
			);
			path = View;
			sourceTree = "<group>";
		};
		149AAEBB29F5F21A00B0FA8B /* Interactor */ = {
			isa = PBXGroup;
			children = (
				149AAECC29F5F7D200B0FA8B /* PrincipalInteractor.swift */,
			);
			path = Interactor;
			sourceTree = "<group>";
		};
		149AAEBC29F5F22000B0FA8B /* Presenter */ = {
			isa = PBXGroup;
			children = (
				149AAED229F6017700B0FA8B /* PrincipalPresenter.swift */,
			);
			path = Presenter;
			sourceTree = "<group>";
		};
		149AAEBD29F5F22700B0FA8B /* Entity */ = {
			isa = PBXGroup;
			children = (
				149AAECA29F5F78B00B0FA8B /* PrincipalModel.swift */,
			);
			path = Entity;
			sourceTree = "<group>";
		};
		149AAEBE29F5F22E00B0FA8B /* Router */ = {
			isa = PBXGroup;
			children = (
				149AAED029F6013A00B0FA8B /* PrincipalRouter.swift */,
			);
			path = Router;
			sourceTree = "<group>";
		};
		149AAEBF29F5F28B00B0FA8B /* ApiRest */ = {
			isa = PBXGroup;
			children = (
				149AAEC029F5F2A400B0FA8B /* NetworkingService.swift */,
			);
			path = ApiRest;
			sourceTree = "<group>";
		};
		149AAEC229F5F56000B0FA8B /* UI */ = {
			isa = PBXGroup;
			children = (
				149AAEC429F5F5E000B0FA8B /* UIPrincipal.swift */,
			);
			path = UI;
			sourceTree = "<group>";
		};
		149AAEC329F5F56900B0FA8B /* Cells */ = {
			isa = PBXGroup;
			children = (
				149AAEC629F5F66300B0FA8B /* UIPrincipalCell.swift */,
				149AAEDB29F63D8E00B0FA8B /* PrincipalWordsCell.swift */,
			);
			path = Cells;
			sourceTree = "<group>";
		};
		149AAED629F626AF00B0FA8B /* Extensions */ = {
			isa = PBXGroup;
			children = (
				149AAED729F626D600B0FA8B /* +UIImageView.swift */,
				149AAED929F6347500B0FA8B /* +UIViewController.swift */,
			);
			path = Extensions;
			sourceTree = "<group>";
		};
/* End PBXGroup section */

/* Begin PBXNativeTarget section */
		149AAE7F29F5F07800B0FA8B /* GapsiApp */ = {
			isa = PBXNativeTarget;
			buildConfigurationList = 149AAEAA29F5F07A00B0FA8B /* Build configuration list for PBXNativeTarget "GapsiApp" */;
			buildPhases = (
				149AAE7C29F5F07800B0FA8B /* Sources */,
				149AAE7D29F5F07800B0FA8B /* Frameworks */,
				149AAE7E29F5F07800B0FA8B /* Resources */,
			);
			buildRules = (
			);
			dependencies = (
			);
			name = GapsiApp;
			productName = GapsiApp;
			productReference = 149AAE8029F5F07800B0FA8B /* GapsiApp.app */;
			productType = "com.apple.product-type.application";
		};
		149AAE9529F5F07A00B0FA8B /* GapsiAppTests */ = {
			isa = PBXNativeTarget;
			buildConfigurationList = 149AAEAD29F5F07A00B0FA8B /* Build configuration list for PBXNativeTarget "GapsiAppTests" */;
			buildPhases = (
				149AAE9229F5F07A00B0FA8B /* Sources */,
				149AAE9329F5F07A00B0FA8B /* Frameworks */,
				149AAE9429F5F07A00B0FA8B /* Resources */,
			);
			buildRules = (
			);
			dependencies = (
				149AAE9829F5F07A00B0FA8B /* PBXTargetDependency */,
			);
			name = GapsiAppTests;
			productName = GapsiAppTests;
			productReference = 149AAE9629F5F07A00B0FA8B /* GapsiAppTests.xctest */;
			productType = "com.apple.product-type.bundle.unit-test";
		};
		149AAE9F29F5F07A00B0FA8B /* GapsiAppUITests */ = {
			isa = PBXNativeTarget;
			buildConfigurationList = 149AAEB029F5F07A00B0FA8B /* Build configuration list for PBXNativeTarget "GapsiAppUITests" */;
			buildPhases = (
				149AAE9C29F5F07A00B0FA8B /* Sources */,
				149AAE9D29F5F07A00B0FA8B /* Frameworks */,
				149AAE9E29F5F07A00B0FA8B /* Resources */,
			);
			buildRules = (
			);
			dependencies = (
				149AAEA229F5F07A00B0FA8B /* PBXTargetDependency */,
			);
			name = GapsiAppUITests;
			productName = GapsiAppUITests;
			productReference = 149AAEA029F5F07A00B0FA8B /* GapsiAppUITests.xctest */;
			productType = "com.apple.product-type.bundle.ui-testing";
		};
/* End PBXNativeTarget section */

/* Begin PBXProject section */
		149AAE7829F5F07800B0FA8B /* Project object */ = {
			isa = PBXProject;
			attributes = {
				BuildIndependentTargetsInParallel = 1;
				LastSwiftUpdateCheck = 1420;
				LastUpgradeCheck = 1420;
				TargetAttributes = {
					149AAE7F29F5F07800B0FA8B = {
						CreatedOnToolsVersion = 14.2;
					};
					149AAE9529F5F07A00B0FA8B = {
						CreatedOnToolsVersion = 14.2;
						TestTargetID = 149AAE7F29F5F07800B0FA8B;
					};
					149AAE9F29F5F07A00B0FA8B = {
						CreatedOnToolsVersion = 14.2;
						TestTargetID = 149AAE7F29F5F07800B0FA8B;
					};
				};
			};
			buildConfigurationList = 149AAE7B29F5F07800B0FA8B /* Build configuration list for PBXProject "GapsiApp" */;
			compatibilityVersion = "Xcode 14.0";
			developmentRegion = en;
			hasScannedForEncodings = 0;
			knownRegions = (
				en,
				Base,
			);
			mainGroup = 149AAE7729F5F07800B0FA8B;
			productRefGroup = 149AAE8129F5F07800B0FA8B /* Products */;
			projectDirPath = "";
			projectRoot = "";
			targets = (
				149AAE7F29F5F07800B0FA8B /* GapsiApp */,
				149AAE9529F5F07A00B0FA8B /* GapsiAppTests */,
				149AAE9F29F5F07A00B0FA8B /* GapsiAppUITests */,
			);
		};
/* End PBXProject section */

/* Begin PBXResourcesBuildPhase section */
		149AAE7E29F5F07800B0FA8B /* Resources */ = {
			isa = PBXResourcesBuildPhase;
			buildActionMask = 2147483647;
			files = (
				149AAE9029F5F07A00B0FA8B /* LaunchScreen.storyboard in Resources */,
				149AAE8D29F5F07A00B0FA8B /* Assets.xcassets in Resources */,
				149AAE8B29F5F07800B0FA8B /* Main.storyboard in Resources */,
			);
			runOnlyForDeploymentPostprocessing = 0;
		};
		149AAE9429F5F07A00B0FA8B /* Resources */ = {
			isa = PBXResourcesBuildPhase;
			buildActionMask = 2147483647;
			files = (
			);
			runOnlyForDeploymentPostprocessing = 0;
		};
		149AAE9E29F5F07A00B0FA8B /* Resources */ = {
			isa = PBXResourcesBuildPhase;
			buildActionMask = 2147483647;
			files = (
			);
			runOnlyForDeploymentPostprocessing = 0;
		};
/* End PBXResourcesBuildPhase section */

/* Begin PBXSourcesBuildPhase section */
		149AAE7C29F5F07800B0FA8B /* Sources */ = {
			isa = PBXSourcesBuildPhase;
			buildActionMask = 2147483647;
			files = (
				149AAED129F6013A00B0FA8B /* PrincipalRouter.swift in Sources */,
				149AAEC729F5F66300B0FA8B /* UIPrincipalCell.swift in Sources */,
				149AAE8829F5F07800B0FA8B /* ViewController.swift in Sources */,
				149AAECB29F5F78B00B0FA8B /* PrincipalModel.swift in Sources */,
				149AAEDC29F63D8E00B0FA8B /* PrincipalWordsCell.swift in Sources */,
				149AAE8429F5F07800B0FA8B /* AppDelegate.swift in Sources */,
				149AAED529F6035F00B0FA8B /* UIConstants.swift in Sources */,
				149AAE8629F5F07800B0FA8B /* SceneDelegate.swift in Sources */,
				149AAECF29F5F81300B0FA8B /* NetworConstants.swift in Sources */,
				149AAEDA29F6347500B0FA8B /* +UIViewController.swift in Sources */,
				149AAEC129F5F2A400B0FA8B /* NetworkingService.swift in Sources */,
				149AAEC929F5F74A00B0FA8B /* PrincipalProtocols.swift in Sources */,
				149AAED329F6017700B0FA8B /* PrincipalPresenter.swift in Sources */,
				149AAECD29F5F7D200B0FA8B /* PrincipalInteractor.swift in Sources */,
				149AAED829F626D600B0FA8B /* +UIImageView.swift in Sources */,
				149AAEC529F5F5E000B0FA8B /* UIPrincipal.swift in Sources */,
			);
			runOnlyForDeploymentPostprocessing = 0;
		};
		149AAE9229F5F07A00B0FA8B /* Sources */ = {
			isa = PBXSourcesBuildPhase;
			buildActionMask = 2147483647;
			files = (
				149AAE9B29F5F07A00B0FA8B /* GapsiAppTests.swift in Sources */,
			);
			runOnlyForDeploymentPostprocessing = 0;
		};
		149AAE9C29F5F07A00B0FA8B /* Sources */ = {
			isa = PBXSourcesBuildPhase;
			buildActionMask = 2147483647;
			files = (
				149AAEA729F5F07A00B0FA8B /* GapsiAppUITestsLaunchTests.swift in Sources */,
				149AAEA529F5F07A00B0FA8B /* GapsiAppUITests.swift in Sources */,
			);
			runOnlyForDeploymentPostprocessing = 0;
		};
/* End PBXSourcesBuildPhase section */

/* Begin PBXTargetDependency section */
		149AAE9829F5F07A00B0FA8B /* PBXTargetDependency */ = {
			isa = PBXTargetDependency;
			target = 149AAE7F29F5F07800B0FA8B /* GapsiApp */;
			targetProxy = 149AAE9729F5F07A00B0FA8B /* PBXContainerItemProxy */;
		};
		149AAEA229F5F07A00B0FA8B /* PBXTargetDependency */ = {
			isa = PBXTargetDependency;
			target = 149AAE7F29F5F07800B0FA8B /* GapsiApp */;
			targetProxy = 149AAEA129F5F07A00B0FA8B /* PBXContainerItemProxy */;
		};
/* End PBXTargetDependency section */

/* Begin PBXVariantGroup section */
		149AAE8929F5F07800B0FA8B /* Main.storyboard */ = {
			isa = PBXVariantGroup;
			children = (
				149AAE8A29F5F07800B0FA8B /* Base */,
			);
			name = Main.storyboard;
			sourceTree = "<group>";
		};
		149AAE8E29F5F07A00B0FA8B /* LaunchScreen.storyboard */ = {
			isa = PBXVariantGroup;
			children = (
				149AAE8F29F5F07A00B0FA8B /* Base */,
			);
			name = LaunchScreen.storyboard;
			sourceTree = "<group>";
		};
/* End PBXVariantGroup section */

/* Begin XCBuildConfiguration section */
		149AAEA829F5F07A00B0FA8B /* Debug */ = {
			isa = XCBuildConfiguration;
			buildSettings = {
				ALWAYS_SEARCH_USER_PATHS = NO;
				CLANG_ANALYZER_NONNULL = YES;
				CLANG_ANALYZER_NUMBER_OBJECT_CONVERSION = YES_AGGRESSIVE;
				CLANG_CXX_LANGUAGE_STANDARD = "gnu++20";
				CLANG_ENABLE_MODULES = YES;
				CLANG_ENABLE_OBJC_ARC = YES;
				CLANG_ENABLE_OBJC_WEAK = YES;
				CLANG_WARN_BLOCK_CAPTURE_AUTORELEASING = YES;
				CLANG_WARN_BOOL_CONVERSION = YES;
				CLANG_WARN_COMMA = YES;
				CLANG_WARN_CONSTANT_CONVERSION = YES;
				CLANG_WARN_DEPRECATED_OBJC_IMPLEMENTATIONS = YES;
				CLANG_WARN_DIRECT_OBJC_ISA_USAGE = YES_ERROR;
				CLANG_WARN_DOCUMENTATION_COMMENTS = YES;
				CLANG_WARN_EMPTY_BODY = YES;
				CLANG_WARN_ENUM_CONVERSION = YES;
				CLANG_WARN_INFINITE_RECURSION = YES;
				CLANG_WARN_INT_CONVERSION = YES;
				CLANG_WARN_NON_LITERAL_NULL_CONVERSION = YES;
				CLANG_WARN_OBJC_IMPLICIT_RETAIN_SELF = YES;
				CLANG_WARN_OBJC_LITERAL_CONVERSION = YES;
				CLANG_WARN_OBJC_ROOT_CLASS = YES_ERROR;
				CLANG_WARN_QUOTED_INCLUDE_IN_FRAMEWORK_HEADER = YES;
				CLANG_WARN_RANGE_LOOP_ANALYSIS = YES;
				CLANG_WARN_STRICT_PROTOTYPES = YES;
				CLANG_WARN_SUSPICIOUS_MOVE = YES;
				CLANG_WARN_UNGUARDED_AVAILABILITY = YES_AGGRESSIVE;
				CLANG_WARN_UNREACHABLE_CODE = YES;
				CLANG_WARN__DUPLICATE_METHOD_MATCH = YES;
				COPY_PHASE_STRIP = NO;
				DEBUG_INFORMATION_FORMAT = dwarf;
				ENABLE_STRICT_OBJC_MSGSEND = YES;
				ENABLE_TESTABILITY = YES;
				GCC_C_LANGUAGE_STANDARD = gnu11;
				GCC_DYNAMIC_NO_PIC = NO;
				GCC_NO_COMMON_BLOCKS = YES;
				GCC_OPTIMIZATION_LEVEL = 0;
				GCC_PREPROCESSOR_DEFINITIONS = (
					"DEBUG=1",
					"$(inherited)",
				);
				GCC_WARN_64_TO_32_BIT_CONVERSION = YES;
				GCC_WARN_ABOUT_RETURN_TYPE = YES_ERROR;
				GCC_WARN_UNDECLARED_SELECTOR = YES;
				GCC_WARN_UNINITIALIZED_AUTOS = YES_AGGRESSIVE;
				GCC_WARN_UNUSED_FUNCTION = YES;
				GCC_WARN_UNUSED_VARIABLE = YES;
				IPHONEOS_DEPLOYMENT_TARGET = 13.0;
				MTL_ENABLE_DEBUG_INFO = INCLUDE_SOURCE;
				MTL_FAST_MATH = YES;
				ONLY_ACTIVE_ARCH = YES;
				SDKROOT = iphoneos;
				SWIFT_ACTIVE_COMPILATION_CONDITIONS = DEBUG;
				SWIFT_OPTIMIZATION_LEVEL = "-Onone";
			};
			name = Debug;
		};
		149AAEA929F5F07A00B0FA8B /* Release */ = {
			isa = XCBuildConfiguration;
			buildSettings = {
				ALWAYS_SEARCH_USER_PATHS = NO;
				CLANG_ANALYZER_NONNULL = YES;
				CLANG_ANALYZER_NUMBER_OBJECT_CONVERSION = YES_AGGRESSIVE;
				CLANG_CXX_LANGUAGE_STANDARD = "gnu++20";
				CLANG_ENABLE_MODULES = YES;
				CLANG_ENABLE_OBJC_ARC = YES;
				CLANG_ENABLE_OBJC_WEAK = YES;
				CLANG_WARN_BLOCK_CAPTURE_AUTORELEASING = YES;
				CLANG_WARN_BOOL_CONVERSION = YES;
				CLANG_WARN_COMMA = YES;
				CLANG_WARN_CONSTANT_CONVERSION = YES;
				CLANG_WARN_DEPRECATED_OBJC_IMPLEMENTATIONS = YES;
				CLANG_WARN_DIRECT_OBJC_ISA_USAGE = YES_ERROR;
				CLANG_WARN_DOCUMENTATION_COMMENTS = YES;
				CLANG_WARN_EMPTY_BODY = YES;
				CLANG_WARN_ENUM_CONVERSION = YES;
				CLANG_WARN_INFINITE_RECURSION = YES;
				CLANG_WARN_INT_CONVERSION = YES;
				CLANG_WARN_NON_LITERAL_NULL_CONVERSION = YES;
				CLANG_WARN_OBJC_IMPLICIT_RETAIN_SELF = YES;
				CLANG_WARN_OBJC_LITERAL_CONVERSION = YES;
				CLANG_WARN_OBJC_ROOT_CLASS = YES_ERROR;
				CLANG_WARN_QUOTED_INCLUDE_IN_FRAMEWORK_HEADER = YES;
				CLANG_WARN_RANGE_LOOP_ANALYSIS = YES;
				CLANG_WARN_STRICT_PROTOTYPES = YES;
				CLANG_WARN_SUSPICIOUS_MOVE = YES;
				CLANG_WARN_UNGUARDED_AVAILABILITY = YES_AGGRESSIVE;
				CLANG_WARN_UNREACHABLE_CODE = YES;
				CLANG_WARN__DUPLICATE_METHOD_MATCH = YES;
				COPY_PHASE_STRIP = NO;
				DEBUG_INFORMATION_FORMAT = "dwarf-with-dsym";
				ENABLE_NS_ASSERTIONS = NO;
				ENABLE_STRICT_OBJC_MSGSEND = YES;
				GCC_C_LANGUAGE_STANDARD = gnu11;
				GCC_NO_COMMON_BLOCKS = YES;
				GCC_WARN_64_TO_32_BIT_CONVERSION = YES;
				GCC_WARN_ABOUT_RETURN_TYPE = YES_ERROR;
				GCC_WARN_UNDECLARED_SELECTOR = YES;
				GCC_WARN_UNINITIALIZED_AUTOS = YES_AGGRESSIVE;
				GCC_WARN_UNUSED_FUNCTION = YES;
				GCC_WARN_UNUSED_VARIABLE = YES;
				IPHONEOS_DEPLOYMENT_TARGET = 13.0;
				MTL_ENABLE_DEBUG_INFO = NO;
				MTL_FAST_MATH = YES;
				SDKROOT = iphoneos;
				SWIFT_COMPILATION_MODE = wholemodule;
				SWIFT_OPTIMIZATION_LEVEL = "-O";
				VALIDATE_PRODUCT = YES;
			};
			name = Release;
		};
		149AAEAB29F5F07A00B0FA8B /* Debug */ = {
			isa = XCBuildConfiguration;
			buildSettings = {
				ASSETCATALOG_COMPILER_APPICON_NAME = AppIcon;
				ASSETCATALOG_COMPILER_GLOBAL_ACCENT_COLOR_NAME = AccentColor;
				CODE_SIGN_STYLE = Automatic;
				CURRENT_PROJECT_VERSION = 1;
				GENERATE_INFOPLIST_FILE = YES;
				INFOPLIST_FILE = GapsiApp/Info.plist;
				INFOPLIST_KEY_UIApplicationSupportsIndirectInputEvents = YES;
				INFOPLIST_KEY_UILaunchStoryboardName = LaunchScreen;
				INFOPLIST_KEY_UIMainStoryboardFile = Main;
				INFOPLIST_KEY_UISupportedInterfaceOrientations_iPad = "UIInterfaceOrientationPortrait UIInterfaceOrientationPortraitUpsideDown UIInterfaceOrientationLandscapeLeft UIInterfaceOrientationLandscapeRight";
				INFOPLIST_KEY_UISupportedInterfaceOrientations_iPhone = "UIInterfaceOrientationPortrait UIInterfaceOrientationLandscapeLeft UIInterfaceOrientationLandscapeRight";
				LD_RUNPATH_SEARCH_PATHS = (
					"$(inherited)",
					"@executable_path/Frameworks",
				);
				MARKETING_VERSION = 1.0;
				PRODUCT_BUNDLE_IDENTIFIER = alonso.GapsiApp;
				PRODUCT_NAME = "$(TARGET_NAME)";
				SWIFT_EMIT_LOC_STRINGS = YES;
				SWIFT_VERSION = 5.0;
				TARGETED_DEVICE_FAMILY = "1,2";
			};
			name = Debug;
		};
		149AAEAC29F5F07A00B0FA8B /* Release */ = {
			isa = XCBuildConfiguration;
			buildSettings = {
				ASSETCATALOG_COMPILER_APPICON_NAME = AppIcon;
				ASSETCATALOG_COMPILER_GLOBAL_ACCENT_COLOR_NAME = AccentColor;
				CODE_SIGN_STYLE = Automatic;
				CURRENT_PROJECT_VERSION = 1;
				GENERATE_INFOPLIST_FILE = YES;
				INFOPLIST_FILE = GapsiApp/Info.plist;
				INFOPLIST_KEY_UIApplicationSupportsIndirectInputEvents = YES;
				INFOPLIST_KEY_UILaunchStoryboardName = LaunchScreen;
				INFOPLIST_KEY_UIMainStoryboardFile = Main;
				INFOPLIST_KEY_UISupportedInterfaceOrientations_iPad = "UIInterfaceOrientationPortrait UIInterfaceOrientationPortraitUpsideDown UIInterfaceOrientationLandscapeLeft UIInterfaceOrientationLandscapeRight";
				INFOPLIST_KEY_UISupportedInterfaceOrientations_iPhone = "UIInterfaceOrientationPortrait UIInterfaceOrientationLandscapeLeft UIInterfaceOrientationLandscapeRight";
				LD_RUNPATH_SEARCH_PATHS = (
					"$(inherited)",
					"@executable_path/Frameworks",
				);
				MARKETING_VERSION = 1.0;
				PRODUCT_BUNDLE_IDENTIFIER = alonso.GapsiApp;
				PRODUCT_NAME = "$(TARGET_NAME)";
				SWIFT_EMIT_LOC_STRINGS = YES;
				SWIFT_VERSION = 5.0;
				TARGETED_DEVICE_FAMILY = "1,2";
			};
			name = Release;
		};
		149AAEAE29F5F07A00B0FA8B /* Debug */ = {
			isa = XCBuildConfiguration;
			buildSettings = {
				ALWAYS_EMBED_SWIFT_STANDARD_LIBRARIES = YES;
				BUNDLE_LOADER = "$(TEST_HOST)";
				CODE_SIGN_STYLE = Automatic;
				CURRENT_PROJECT_VERSION = 1;
				GENERATE_INFOPLIST_FILE = YES;
				IPHONEOS_DEPLOYMENT_TARGET = 16.2;
				MARKETING_VERSION = 1.0;
				PRODUCT_BUNDLE_IDENTIFIER = alonso.GapsiAppTests;
				PRODUCT_NAME = "$(TARGET_NAME)";
				SWIFT_EMIT_LOC_STRINGS = NO;
				SWIFT_VERSION = 5.0;
				TARGETED_DEVICE_FAMILY = "1,2";
				TEST_HOST = "$(BUILT_PRODUCTS_DIR)/GapsiApp.app/$(BUNDLE_EXECUTABLE_FOLDER_PATH)/GapsiApp";
			};
			name = Debug;
		};
		149AAEAF29F5F07A00B0FA8B /* Release */ = {
			isa = XCBuildConfiguration;
			buildSettings = {
				ALWAYS_EMBED_SWIFT_STANDARD_LIBRARIES = YES;
				BUNDLE_LOADER = "$(TEST_HOST)";
				CODE_SIGN_STYLE = Automatic;
				CURRENT_PROJECT_VERSION = 1;
				GENERATE_INFOPLIST_FILE = YES;
				IPHONEOS_DEPLOYMENT_TARGET = 16.2;
				MARKETING_VERSION = 1.0;
				PRODUCT_BUNDLE_IDENTIFIER = alonso.GapsiAppTests;
				PRODUCT_NAME = "$(TARGET_NAME)";
				SWIFT_EMIT_LOC_STRINGS = NO;
				SWIFT_VERSION = 5.0;
				TARGETED_DEVICE_FAMILY = "1,2";
				TEST_HOST = "$(BUILT_PRODUCTS_DIR)/GapsiApp.app/$(BUNDLE_EXECUTABLE_FOLDER_PATH)/GapsiApp";
			};
			name = Release;
		};
		149AAEB129F5F07A00B0FA8B /* Debug */ = {
			isa = XCBuildConfiguration;
			buildSettings = {
				ALWAYS_EMBED_SWIFT_STANDARD_LIBRARIES = YES;
				CODE_SIGN_STYLE = Automatic;
				CURRENT_PROJECT_VERSION = 1;
				GENERATE_INFOPLIST_FILE = YES;
				MARKETING_VERSION = 1.0;
				PRODUCT_BUNDLE_IDENTIFIER = alonso.GapsiAppUITests;
				PRODUCT_NAME = "$(TARGET_NAME)";
				SWIFT_EMIT_LOC_STRINGS = NO;
				SWIFT_VERSION = 5.0;
				TARGETED_DEVICE_FAMILY = "1,2";
				TEST_TARGET_NAME = GapsiApp;
			};
			name = Debug;
		};
		149AAEB229F5F07A00B0FA8B /* Release */ = {
			isa = XCBuildConfiguration;
			buildSettings = {
				ALWAYS_EMBED_SWIFT_STANDARD_LIBRARIES = YES;
				CODE_SIGN_STYLE = Automatic;
				CURRENT_PROJECT_VERSION = 1;
				GENERATE_INFOPLIST_FILE = YES;
				MARKETING_VERSION = 1.0;
				PRODUCT_BUNDLE_IDENTIFIER = alonso.GapsiAppUITests;
				PRODUCT_NAME = "$(TARGET_NAME)";
				SWIFT_EMIT_LOC_STRINGS = NO;
				SWIFT_VERSION = 5.0;
				TARGETED_DEVICE_FAMILY = "1,2";
				TEST_TARGET_NAME = GapsiApp;
			};
			name = Release;
		};
/* End XCBuildConfiguration section */

/* Begin XCConfigurationList section */
		149AAE7B29F5F07800B0FA8B /* Build configuration list for PBXProject "GapsiApp" */ = {
			isa = XCConfigurationList;
			buildConfigurations = (
				149AAEA829F5F07A00B0FA8B /* Debug */,
				149AAEA929F5F07A00B0FA8B /* Release */,
			);
			defaultConfigurationIsVisible = 0;
			defaultConfigurationName = Release;
		};
		149AAEAA29F5F07A00B0FA8B /* Build configuration list for PBXNativeTarget "GapsiApp" */ = {
			isa = XCConfigurationList;
			buildConfigurations = (
				149AAEAB29F5F07A00B0FA8B /* Debug */,
				149AAEAC29F5F07A00B0FA8B /* Release */,
			);
			defaultConfigurationIsVisible = 0;
			defaultConfigurationName = Release;
		};
		149AAEAD29F5F07A00B0FA8B /* Build configuration list for PBXNativeTarget "GapsiAppTests" */ = {
			isa = XCConfigurationList;
			buildConfigurations = (
				149AAEAE29F5F07A00B0FA8B /* Debug */,
				149AAEAF29F5F07A00B0FA8B /* Release */,
			);
			defaultConfigurationIsVisible = 0;
			defaultConfigurationName = Release;
		};
		149AAEB029F5F07A00B0FA8B /* Build configuration list for PBXNativeTarget "GapsiAppUITests" */ = {
			isa = XCConfigurationList;
			buildConfigurations = (
				149AAEB129F5F07A00B0FA8B /* Debug */,
				149AAEB229F5F07A00B0FA8B /* Release */,
			);
			defaultConfigurationIsVisible = 0;
			defaultConfigurationName = Release;
		};
/* End XCConfigurationList section */
	};
	rootObject = 149AAE7829F5F07800B0FA8B /* Project object */;
}
